
Microsoft Visual Studio Solution File, Format Version 12.00
# Visual Studio 15
VisualStudioVersion = 15.0.28307.438
MinimumVisualStudioVersion = 10.0.40219.1
Project("{FAE04EC0-301F-11D3-BF4B-00C04F79EFBC}") = "Network", "Server\Network.csproj", "{7507A3A9-944B-4307-A778-47F76C2032BF}"
EndProject
Project("{FAE04EC0-301F-11D3-BF4B-00C04F79EFBC}") = "ServerTest", "ServerTest\ServerTest.csproj", "{B8BB7C96-A0DD-4DDB-BD30-E27A5BEB6EB9}"
EndProject
Project("{FAE04EC0-301F-11D3-BF4B-00C04F79EFBC}") = "ClientTest", "ClientTest\ClientTest.csproj", "{B6FBD8EF-5D8A-4F33-B006-90E2F3830145}"
EndProject
Global
	GlobalSection(SolutionConfigurationPlatforms) = preSolution
		Debug|Any CPU = Debug|Any CPU
		Release|Any CPU = Release|Any CPU
	EndGlobalSection
	GlobalSection(ProjectConfigurationPlatforms) = postSolution
		{7507A3A9-944B-4307-A778-47F76C2032BF}.Debug|Any CPU.ActiveCfg = Debug|Any CPU
		{7507A3A9-944B-4307-A778-47F76C2032BF}.Debug|Any CPU.Build.0 = Debug|Any CPU
		{7507A3A9-944B-4307-A778-47F76C2032BF}.Release|Any CPU.ActiveCfg = Release|Any CPU
		{7507A3A9-944B-4307-A778-47F76C2032BF}.Release|Any CPU.Build.0 = Release|Any CPU
		{B8BB7C96-A0DD-4DDB-BD30-E27A5BEB6EB9}.Debug|Any CPU.ActiveCfg = Debug|Any CPU
		{B8BB7C96-A0DD-4DDB-BD30-E27A5BEB6EB9}.Debug|Any CPU.Build.0 = Debug|Any CPU
		{B8BB7C96-A0DD-4DDB-BD30-E27A5BEB6EB9}.Release|Any CPU.ActiveCfg = Release|Any CPU
		{B8BB7C96-A0DD-4DDB-BD30-E27A5BEB6EB9}.Release|Any CPU.Build.0 = Release|Any CPU
		{B6FBD8EF-5D8A-4F33-B006-90E2F3830145}.Debug|Any CPU.ActiveCfg = Debug|Any CPU
		{B6FBD8EF-5D8A-4F33-B006-90E2F3830145}.Debug|Any CPU.Build.0 = Debug|Any CPU
		{B6FBD8EF-5D8A-4F33-B006-90E2F3830145}.Release|Any CPU.ActiveCfg = Release|Any CPU
		{B6FBD8EF-5D8A-4F33-B006-90E2F3830145}.Release|Any CPU.Build.0 = Release|Any CPU
	EndGlobalSection
	GlobalSection(SolutionProperties) = preSolution
		HideSolutionNode = FALSE
	EndGlobalSection
	GlobalSection(ExtensibilityGlobals) = postSolution
		SolutionGuid = {C7D78216-4BB4-43E0-B79E-237477938C48}
	EndGlobalSection
EndGlobal
